{
  "name": "simple-threads",
  "version": "1.0.0",
  "lockfileVersion": 1,
  "requires": true,
  "dependencies": {
    "asleep": {
      "version": "1.0.3",
      "resolved": "https://registry.npmjs.org/asleep/-/asleep-1.0.3.tgz",
      "integrity": "sha1-oQTiSsIpVjxCXk6n51tXihnuIY4="
    },
    "precise-timer": {
      "version": "1.0.1",
      "resolved": "https://registry.npmjs.org/precise-timer/-/precise-timer-1.0.1.tgz",
      "integrity": "sha512-DIVFn9ux2d1yzfDNijfOas+wHJO5CCb9E6SRmpt8htFgKvZNsWROWg2av25VGT3QHgo9cAWrh1cVBi/QkWaYRg=="
    }
  }
}
